
Microsoft Visual Studio Solution File, Format Version 12.00
# Visual Studio Version 17
VisualStudioVersion = 17.5.33326.253
MinimumVisualStudioVersion = 10.0.40219.1
Project("{9A19103F-16F7-4668-BE54-9A1E7A4F7556}") = "Meziantou.GitLab.TestLogger", "Meziantou.GitLab.TestLogger\Meziantou.GitLab.TestLogger.csproj", "{BA15B10E-936F-427F-86CF-959F1EAEDE52}"
EndProject
Project("{9A19103F-16F7-4668-BE54-9A1E7A4F7556}") = "Tests", "Tests\Tests.csproj", "{446E0564-FF73-4D6F-AD6A-ADBEC6209549}"
EndProject
Global
	GlobalSection(SolutionConfigurationPlatforms) = preSolution
		Debug|Any CPU = Debug|Any CPU
		Release|Any CPU = Release|Any CPU
	EndGlobalSection
	GlobalSection(ProjectConfigurationPlatforms) = postSolution
		{BA15B10E-936F-427F-86CF-959F1EAEDE52}.Debug|Any CPU.ActiveCfg = Debug|Any CPU
		{BA15B10E-936F-427F-86CF-959F1EAEDE52}.Debug|Any CPU.Build.0 = Debug|Any CPU
		{BA15B10E-936F-427F-86CF-959F1EAEDE52}.Release|Any CPU.ActiveCfg = Release|Any CPU
		{BA15B10E-936F-427F-86CF-959F1EAEDE52}.Release|Any CPU.Build.0 = Release|Any CPU
		{446E0564-FF73-4D6F-AD6A-ADBEC6209549}.Debug|Any CPU.ActiveCfg = Debug|Any CPU
		{446E0564-FF73-4D6F-AD6A-ADBEC6209549}.Debug|Any CPU.Build.0 = Debug|Any CPU
		{446E0564-FF73-4D6F-AD6A-ADBEC6209549}.Release|Any CPU.ActiveCfg = Release|Any CPU
		{446E0564-FF73-4D6F-AD6A-ADBEC6209549}.Release|Any CPU.Build.0 = Release|Any CPU
	EndGlobalSection
	GlobalSection(SolutionProperties) = preSolution
		HideSolutionNode = FALSE
	EndGlobalSection
	GlobalSection(ExtensibilityGlobals) = postSolution
		SolutionGuid = {BF2A7FB2-A469-4127-B1DE-63AC2F5F9DC2}
	EndGlobalSection
EndGlobal
